{
  "name": "BackEnd",
  "lockfileVersion": 3,
  "requires": true,
  "packages": {
    "": {
      "dependencies": {
        "tqdm": "^2.0.3"
      }
    },
    "node_modules/tqdm": {
      "version": "2.0.3",
      "resolved": "https://registry.npmjs.org/tqdm/-/tqdm-2.0.3.tgz",
      "integrity": "sha512-Ju50G550gspkjd1AiJ/jFBHe2dii9s+KPntEsq0o73BqywqzNWPUM8/FD3zM1rOH7OGLoH7pGSGI90Ct+Yd/5Q=="
    }
  }
}
